
Microsoft Visual Studio Solution File, Format Version 12.00
# Visual Studio 15
VisualStudioVersion = 15.0.27703.2042
MinimumVisualStudioVersion = 10.0.40219.1
Project("{FAE04EC0-301F-11D3-BF4B-00C04F79EFBC}") = "DevConsultHack.Server", "DevConsultHack.Server\DevConsultHack.Server.csproj", "{DA62665A-A638-4817-8C5F-2E1FE840447B}"
EndProject
Project("{2150E333-8FDC-42A3-9474-1A3956D46DE8}") = "Servers", "Servers", "{35693BB5-A6A7-4B0A-8925-15452928468E}"
EndProject
Project("{2150E333-8FDC-42A3-9474-1A3956D46DE8}") = "Clients", "Clients", "{EAE43220-039B-41BD-9274-62F3FE863E64}"
EndProject
Project("{FAE04EC0-301F-11D3-BF4B-00C04F79EFBC}") = "DevConsultHack.Client", "DevConsultHack.Client\DevConsultHack.Client\DevConsultHack.Client.csproj", "{26ECD472-3E73-4550-88EC-F4F4415EFE56}"
EndProject
Project("{FAE04EC0-301F-11D3-BF4B-00C04F79EFBC}") = "DevConsultHack.Client.Android", "DevConsultHack.Client\DevConsultHack.Client.Android\DevConsultHack.Client.Android.csproj", "{4133A853-826A-4BED-9521-E2A52291AFCF}"
EndProject
Project("{FAE04EC0-301F-11D3-BF4B-00C04F79EFBC}") = "DevConsultHack.Client.iOS", "DevConsultHack.Client\DevConsultHack.Client.iOS\DevConsultHack.Client.iOS.csproj", "{CB11FAED-F87E-4962-91C0-F9BE8ED9F385}"
EndProject
Project("{FAE04EC0-301F-11D3-BF4B-00C04F79EFBC}") = "DevConsultHack.Client.UWP", "DevConsultHack.Client\DevConsultHack.Client.UWP\DevConsultHack.Client.UWP.csproj", "{3A25335B-B58C-4D61-B24D-ECA6A282A12D}"
EndProject
Global
	GlobalSection(SolutionConfigurationPlatforms) = preSolution
		Ad-Hoc|Any CPU = Ad-Hoc|Any CPU
		Ad-Hoc|ARM = Ad-Hoc|ARM
		Ad-Hoc|iPhone = Ad-Hoc|iPhone
		Ad-Hoc|iPhoneSimulator = Ad-Hoc|iPhoneSimulator
		Ad-Hoc|x64 = Ad-Hoc|x64
		Ad-Hoc|x86 = Ad-Hoc|x86
		AppStore|Any CPU = AppStore|Any CPU
		AppStore|ARM = AppStore|ARM
		AppStore|iPhone = AppStore|iPhone
		AppStore|iPhoneSimulator = AppStore|iPhoneSimulator
		AppStore|x64 = AppStore|x64
		AppStore|x86 = AppStore|x86
		Debug|Any CPU = Debug|Any CPU
		Debug|ARM = Debug|ARM
		Debug|iPhone = Debug|iPhone
		Debug|iPhoneSimulator = Debug|iPhoneSimulator
		Debug|x64 = Debug|x64
		Debug|x86 = Debug|x86
		Release|Any CPU = Release|Any CPU
		Release|ARM = Release|ARM
		Release|iPhone = Release|iPhone
		Release|iPhoneSimulator = Release|iPhoneSimulator
		Release|x64 = Release|x64
		Release|x86 = Release|x86
	EndGlobalSection
	GlobalSection(ProjectConfigurationPlatforms) = postSolution
		{DA62665A-A638-4817-8C5F-2E1FE840447B}.Ad-Hoc|Any CPU.ActiveCfg = Debug|Any CPU
		{DA62665A-A638-4817-8C5F-2E1FE840447B}.Ad-Hoc|Any CPU.Build.0 = Debug|Any CPU
		{DA62665A-A638-4817-8C5F-2E1FE840447B}.Ad-Hoc|ARM.ActiveCfg = Debug|Any CPU
		{DA62665A-A638-4817-8C5F-2E1FE840447B}.Ad-Hoc|ARM.Build.0 = Debug|Any CPU
		{DA62665A-A638-4817-8C5F-2E1FE840447B}.Ad-Hoc|iPhone.ActiveCfg = Debug|Any CPU
		{DA62665A-A638-4817-8C5F-2E1FE840447B}.Ad-Hoc|iPhone.Build.0 = Debug|Any CPU
		{DA62665A-A638-4817-8C5F-2E1FE840447B}.Ad-Hoc|iPhoneSimulator.ActiveCfg = Debug|Any CPU
		{DA62665A-A638-4817-8C5F-2E1FE840447B}.Ad-Hoc|iPhoneSimulator.Build.0 = Debug|Any CPU
		{DA62665A-A638-4817-8C5F-2E1FE840447B}.Ad-Hoc|x64.ActiveCfg = Debug|Any CPU
		{DA62665A-A638-4817-8C5F-2E1FE840447B}.Ad-Hoc|x64.Build.0 = Debug|Any CPU
		{DA62665A-A638-4817-8C5F-2E1FE840447B}.Ad-Hoc|x86.ActiveCfg = Debug|Any CPU
		{DA62665A-A638-4817-8C5F-2E1FE840447B}.Ad-Hoc|x86.Build.0 = Debug|Any CPU
		{DA62665A-A638-4817-8C5F-2E1FE840447B}.AppStore|Any CPU.ActiveCfg = Debug|Any CPU
		{DA62665A-A638-4817-8C5F-2E1FE840447B}.AppStore|Any CPU.Build.0 = Debug|Any CPU
		{DA62665A-A638-4817-8C5F-2E1FE840447B}.AppStore|ARM.ActiveCfg = Debug|Any CPU
		{DA62665A-A638-4817-8C5F-2E1FE840447B}.AppStore|ARM.Build.0 = Debug|Any CPU
		{DA62665A-A638-4817-8C5F-2E1FE840447B}.AppStore|iPhone.ActiveCfg = Debug|Any CPU
		{DA62665A-A638-4817-8C5F-2E1FE840447B}.AppStore|iPhone.Build.0 = Debug|Any CPU
		{DA62665A-A638-4817-8C5F-2E1FE840447B}.AppStore|iPhoneSimulator.ActiveCfg = Debug|Any CPU
		{DA62665A-A638-4817-8C5F-2E1FE840447B}.AppStore|iPhoneSimulator.Build.0 = Debug|Any CPU
		{DA62665A-A638-4817-8C5F-2E1FE840447B}.AppStore|x64.ActiveCfg = Debug|Any CPU
		{DA62665A-A638-4817-8C5F-2E1FE840447B}.AppStore|x64.Build.0 = Debug|Any CPU
		{DA62665A-A638-4817-8C5F-2E1FE840447B}.AppStore|x86.ActiveCfg = Debug|Any CPU
		{DA62665A-A638-4817-8C5F-2E1FE840447B}.AppStore|x86.Build.0 = Debug|Any CPU
		{DA62665A-A638-4817-8C5F-2E1FE840447B}.Debug|Any CPU.ActiveCfg = Debug|Any CPU
		{DA62665A-A638-4817-8C5F-2E1FE840447B}.Debug|Any CPU.Build.0 = Debug|Any CPU
		{DA62665A-A638-4817-8C5F-2E1FE840447B}.Debug|ARM.ActiveCfg = Debug|Any CPU
		{DA62665A-A638-4817-8C5F-2E1FE840447B}.Debug|ARM.Build.0 = Debug|Any CPU
		{DA62665A-A638-4817-8C5F-2E1FE840447B}.Debug|iPhone.ActiveCfg = Debug|Any CPU
		{DA62665A-A638-4817-8C5F-2E1FE840447B}.Debug|iPhone.Build.0 = Debug|Any CPU
		{DA62665A-A638-4817-8C5F-2E1FE840447B}.Debug|iPhoneSimulator.ActiveCfg = Debug|Any CPU
		{DA62665A-A638-4817-8C5F-2E1FE840447B}.Debug|iPhoneSimulator.Build.0 = Debug|Any CPU
		{DA62665A-A638-4817-8C5F-2E1FE840447B}.Debug|x64.ActiveCfg = Debug|Any CPU
		{DA62665A-A638-4817-8C5F-2E1FE840447B}.Debug|x64.Build.0 = Debug|Any CPU
		{DA62665A-A638-4817-8C5F-2E1FE840447B}.Debug|x86.ActiveCfg = Debug|Any CPU
		{DA62665A-A638-4817-8C5F-2E1FE840447B}.Debug|x86.Build.0 = Debug|Any CPU
		{DA62665A-A638-4817-8C5F-2E1FE840447B}.Release|Any CPU.ActiveCfg = Release|Any CPU
		{DA62665A-A638-4817-8C5F-2E1FE840447B}.Release|Any CPU.Build.0 = Release|Any CPU
		{DA62665A-A638-4817-8C5F-2E1FE840447B}.Release|ARM.ActiveCfg = Release|Any CPU
		{DA62665A-A638-4817-8C5F-2E1FE840447B}.Release|ARM.Build.0 = Release|Any CPU
		{DA62665A-A638-4817-8C5F-2E1FE840447B}.Release|iPhone.ActiveCfg = Release|Any CPU
		{DA62665A-A638-4817-8C5F-2E1FE840447B}.Release|iPhone.Build.0 = Release|Any CPU
		{DA62665A-A638-4817-8C5F-2E1FE840447B}.Release|iPhoneSimulator.ActiveCfg = Release|Any CPU
		{DA62665A-A638-4817-8C5F-2E1FE840447B}.Release|iPhoneSimulator.Build.0 = Release|Any CPU
		{DA62665A-A638-4817-8C5F-2E1FE840447B}.Release|x64.ActiveCfg = Release|Any CPU
		{DA62665A-A638-4817-8C5F-2E1FE840447B}.Release|x64.Build.0 = Release|Any CPU
		{DA62665A-A638-4817-8C5F-2E1FE840447B}.Release|x86.ActiveCfg = Release|Any CPU
		{DA62665A-A638-4817-8C5F-2E1FE840447B}.Release|x86.Build.0 = Release|Any CPU
		{26ECD472-3E73-4550-88EC-F4F4415EFE56}.Ad-Hoc|Any CPU.ActiveCfg = Debug|Any CPU
		{26ECD472-3E73-4550-88EC-F4F4415EFE56}.Ad-Hoc|Any CPU.Build.0 = Debug|Any CPU
		{26ECD472-3E73-4550-88EC-F4F4415EFE56}.Ad-Hoc|ARM.ActiveCfg = Debug|Any CPU
		{26ECD472-3E73-4550-88EC-F4F4415EFE56}.Ad-Hoc|ARM.Build.0 = Debug|Any CPU
		{26ECD472-3E73-4550-88EC-F4F4415EFE56}.Ad-Hoc|iPhone.ActiveCfg = Debug|Any CPU
		{26ECD472-3E73-4550-88EC-F4F4415EFE56}.Ad-Hoc|iPhone.Build.0 = Debug|Any CPU
		{26ECD472-3E73-4550-88EC-F4F4415EFE56}.Ad-Hoc|iPhoneSimulator.ActiveCfg = Debug|Any CPU
		{26ECD472-3E73-4550-88EC-F4F4415EFE56}.Ad-Hoc|iPhoneSimulator.Build.0 = Debug|Any CPU
		{26ECD472-3E73-4550-88EC-F4F4415EFE56}.Ad-Hoc|x64.ActiveCfg = Debug|Any CPU
		{26ECD472-3E73-4550-88EC-F4F4415EFE56}.Ad-Hoc|x64.Build.0 = Debug|Any CPU
		{26ECD472-3E73-4550-88EC-F4F4415EFE56}.Ad-Hoc|x86.ActiveCfg = Debug|Any CPU
		{26ECD472-3E73-4550-88EC-F4F4415EFE56}.Ad-Hoc|x86.Build.0 = Debug|Any CPU
		{26ECD472-3E73-4550-88EC-F4F4415EFE56}.AppStore|Any CPU.ActiveCfg = Debug|Any CPU
		{26ECD472-3E73-4550-88EC-F4F4415EFE56}.AppStore|Any CPU.Build.0 = Debug|Any CPU
		{26ECD472-3E73-4550-88EC-F4F4415EFE56}.AppStore|ARM.ActiveCfg = Debug|Any CPU
		{26ECD472-3E73-4550-88EC-F4F4415EFE56}.AppStore|ARM.Build.0 = Debug|Any CPU
		{26ECD472-3E73-4550-88EC-F4F4415EFE56}.AppStore|iPhone.ActiveCfg = Debug|Any CPU
		{26ECD472-3E73-4550-88EC-F4F4415EFE56}.AppStore|iPhone.Build.0 = Debug|Any CPU
		{26ECD472-3E73-4550-88EC-F4F4415EFE56}.AppStore|iPhoneSimulator.ActiveCfg = Debug|Any CPU
		{26ECD472-3E73-4550-88EC-F4F4415EFE56}.AppStore|iPhoneSimulator.Build.0 = Debug|Any CPU
		{26ECD472-3E73-4550-88EC-F4F4415EFE56}.AppStore|x64.ActiveCfg = Debug|Any CPU
		{26ECD472-3E73-4550-88EC-F4F4415EFE56}.AppStore|x64.Build.0 = Debug|Any CPU
		{26ECD472-3E73-4550-88EC-F4F4415EFE56}.AppStore|x86.ActiveCfg = Debug|Any CPU
		{26ECD472-3E73-4550-88EC-F4F4415EFE56}.AppStore|x86.Build.0 = Debug|Any CPU
		{26ECD472-3E73-4550-88EC-F4F4415EFE56}.Debug|Any CPU.ActiveCfg = Debug|Any CPU
		{26ECD472-3E73-4550-88EC-F4F4415EFE56}.Debug|Any CPU.Build.0 = Debug|Any CPU
		{26ECD472-3E73-4550-88EC-F4F4415EFE56}.Debug|ARM.ActiveCfg = Debug|Any CPU
		{26ECD472-3E73-4550-88EC-F4F4415EFE56}.Debug|ARM.Build.0 = Debug|Any CPU
		{26ECD472-3E73-4550-88EC-F4F4415EFE56}.Debug|iPhone.ActiveCfg = Debug|Any CPU
		{26ECD472-3E73-4550-88EC-F4F4415EFE56}.Debug|iPhone.Build.0 = Debug|Any CPU
		{26ECD472-3E73-4550-88EC-F4F4415EFE56}.Debug|iPhoneSimulator.ActiveCfg = Debug|Any CPU
		{26ECD472-3E73-4550-88EC-F4F4415EFE56}.Debug|iPhoneSimulator.Build.0 = Debug|Any CPU
		{26ECD472-3E73-4550-88EC-F4F4415EFE56}.Debug|x64.ActiveCfg = Debug|Any CPU
		{26ECD472-3E73-4550-88EC-F4F4415EFE56}.Debug|x64.Build.0 = Debug|Any CPU
		{26ECD472-3E73-4550-88EC-F4F4415EFE56}.Debug|x86.ActiveCfg = Debug|Any CPU
		{26ECD472-3E73-4550-88EC-F4F4415EFE56}.Debug|x86.Build.0 = Debug|Any CPU
		{26ECD472-3E73-4550-88EC-F4F4415EFE56}.Release|Any CPU.ActiveCfg = Release|Any CPU
		{26ECD472-3E73-4550-88EC-F4F4415EFE56}.Release|Any CPU.Build.0 = Release|Any CPU
		{26ECD472-3E73-4550-88EC-F4F4415EFE56}.Release|ARM.ActiveCfg = Release|Any CPU
		{26ECD472-3E73-4550-88EC-F4F4415EFE56}.Release|ARM.Build.0 = Release|Any CPU
		{26ECD472-3E73-4550-88EC-F4F4415EFE56}.Release|iPhone.ActiveCfg = Release|Any CPU
		{26ECD472-3E73-4550-88EC-F4F4415EFE56}.Release|iPhone.Build.0 = Release|Any CPU
		{26ECD472-3E73-4550-88EC-F4F4415EFE56}.Release|iPhoneSimulator.ActiveCfg = Release|Any CPU
		{26ECD472-3E73-4550-88EC-F4F4415EFE56}.Release|iPhoneSimulator.Build.0 = Release|Any CPU
		{26ECD472-3E73-4550-88EC-F4F4415EFE56}.Release|x64.ActiveCfg = Release|Any CPU
		{26ECD472-3E73-4550-88EC-F4F4415EFE56}.Release|x64.Build.0 = Release|Any CPU
		{26ECD472-3E73-4550-88EC-F4F4415EFE56}.Release|x86.ActiveCfg = Release|Any CPU
		{26ECD472-3E73-4550-88EC-F4F4415EFE56}.Release|x86.Build.0 = Release|Any CPU
		{4133A853-826A-4BED-9521-E2A52291AFCF}.Ad-Hoc|Any CPU.ActiveCfg = Release|Any CPU
		{4133A853-826A-4BED-9521-E2A52291AFCF}.Ad-Hoc|Any CPU.Build.0 = Release|Any CPU
		{4133A853-826A-4BED-9521-E2A52291AFCF}.Ad-Hoc|Any CPU.Deploy.0 = Release|Any CPU
		{4133A853-826A-4BED-9521-E2A52291AFCF}.Ad-Hoc|ARM.ActiveCfg = Release|Any CPU
		{4133A853-826A-4BED-9521-E2A52291AFCF}.Ad-Hoc|ARM.Build.0 = Release|Any CPU
		{4133A853-826A-4BED-9521-E2A52291AFCF}.Ad-Hoc|ARM.Deploy.0 = Release|Any CPU
		{4133A853-826A-4BED-9521-E2A52291AFCF}.Ad-Hoc|iPhone.ActiveCfg = Release|Any CPU
		{4133A853-826A-4BED-9521-E2A52291AFCF}.Ad-Hoc|iPhone.Build.0 = Release|Any CPU
		{4133A853-826A-4BED-9521-E2A52291AFCF}.Ad-Hoc|iPhone.Deploy.0 = Release|Any CPU
		{4133A853-826A-4BED-9521-E2A52291AFCF}.Ad-Hoc|iPhoneSimulator.ActiveCfg = Release|Any CPU
		{4133A853-826A-4BED-9521-E2A52291AFCF}.Ad-Hoc|iPhoneSimulator.Build.0 = Release|Any CPU
		{4133A853-826A-4BED-9521-E2A52291AFCF}.Ad-Hoc|iPhoneSimulator.Deploy.0 = Release|Any CPU
		{4133A853-826A-4BED-9521-E2A52291AFCF}.Ad-Hoc|x64.ActiveCfg = Release|Any CPU
		{4133A853-826A-4BED-9521-E2A52291AFCF}.Ad-Hoc|x64.Build.0 = Release|Any CPU
		{4133A853-826A-4BED-9521-E2A52291AFCF}.Ad-Hoc|x64.Deploy.0 = Release|Any CPU
		{4133A853-826A-4BED-9521-E2A52291AFCF}.Ad-Hoc|x86.ActiveCfg = Release|Any CPU
		{4133A853-826A-4BED-9521-E2A52291AFCF}.Ad-Hoc|x86.Build.0 = Release|Any CPU
		{4133A853-826A-4BED-9521-E2A52291AFCF}.Ad-Hoc|x86.Deploy.0 = Release|Any CPU
		{4133A853-826A-4BED-9521-E2A52291AFCF}.AppStore|Any CPU.ActiveCfg = Release|Any CPU
		{4133A853-826A-4BED-9521-E2A52291AFCF}.AppStore|Any CPU.Build.0 = Release|Any CPU
		{4133A853-826A-4BED-9521-E2A52291AFCF}.AppStore|Any CPU.Deploy.0 = Release|Any CPU
		{4133A853-826A-4BED-9521-E2A52291AFCF}.AppStore|ARM.ActiveCfg = Release|Any CPU
		{4133A853-826A-4BED-9521-E2A52291AFCF}.AppStore|ARM.Build.0 = Release|Any CPU
		{4133A853-826A-4BED-9521-E2A52291AFCF}.AppStore|ARM.Deploy.0 = Release|Any CPU
		{4133A853-826A-4BED-9521-E2A52291AFCF}.AppStore|iPhone.ActiveCfg = Release|Any CPU
		{4133A853-826A-4BED-9521-E2A52291AFCF}.AppStore|iPhone.Build.0 = Release|Any CPU
		{4133A853-826A-4BED-9521-E2A52291AFCF}.AppStore|iPhone.Deploy.0 = Release|Any CPU
		{4133A853-826A-4BED-9521-E2A52291AFCF}.AppStore|iPhoneSimulator.ActiveCfg = Release|Any CPU
		{4133A853-826A-4BED-9521-E2A52291AFCF}.AppStore|iPhoneSimulator.Build.0 = Release|Any CPU
		{4133A853-826A-4BED-9521-E2A52291AFCF}.AppStore|iPhoneSimulator.Deploy.0 = Release|Any CPU
		{4133A853-826A-4BED-9521-E2A52291AFCF}.AppStore|x64.ActiveCfg = Release|Any CPU
		{4133A853-826A-4BED-9521-E2A52291AFCF}.AppStore|x64.Build.0 = Release|Any CPU
		{4133A853-826A-4BED-9521-E2A52291AFCF}.AppStore|x64.Deploy.0 = Release|Any CPU
		{4133A853-826A-4BED-9521-E2A52291AFCF}.AppStore|x86.ActiveCfg = Release|Any CPU
		{4133A853-826A-4BED-9521-E2A52291AFCF}.AppStore|x86.Build.0 = Release|Any CPU
		{4133A853-826A-4BED-9521-E2A52291AFCF}.AppStore|x86.Deploy.0 = Release|Any CPU
		{4133A853-826A-4BED-9521-E2A52291AFCF}.Debug|Any CPU.ActiveCfg = Debug|Any CPU
		{4133A853-826A-4BED-9521-E2A52291AFCF}.Debug|Any CPU.Build.0 = Debug|Any CPU
		{4133A853-826A-4BED-9521-E2A52291AFCF}.Debug|Any CPU.Deploy.0 = Debug|Any CPU
		{4133A853-826A-4BED-9521-E2A52291AFCF}.Debug|ARM.ActiveCfg = Debug|Any CPU
		{4133A853-826A-4BED-9521-E2A52291AFCF}.Debug|ARM.Build.0 = Debug|Any CPU
		{4133A853-826A-4BED-9521-E2A52291AFCF}.Debug|ARM.Deploy.0 = Debug|Any CPU
		{4133A853-826A-4BED-9521-E2A52291AFCF}.Debug|iPhone.ActiveCfg = Debug|Any CPU
		{4133A853-826A-4BED-9521-E2A52291AFCF}.Debug|iPhone.Build.0 = Debug|Any CPU
		{4133A853-826A-4BED-9521-E2A52291AFCF}.Debug|iPhone.Deploy.0 = Debug|Any CPU
		{4133A853-826A-4BED-9521-E2A52291AFCF}.Debug|iPhoneSimulator.ActiveCfg = Debug|Any CPU
		{4133A853-826A-4BED-9521-E2A52291AFCF}.Debug|iPhoneSimulator.Build.0 = Debug|Any CPU
		{4133A853-826A-4BED-9521-E2A52291AFCF}.Debug|iPhoneSimulator.Deploy.0 = Debug|Any CPU
		{4133A853-826A-4BED-9521-E2A52291AFCF}.Debug|x64.ActiveCfg = Debug|Any CPU
		{4133A853-826A-4BED-9521-E2A52291AFCF}.Debug|x64.Build.0 = Debug|Any CPU
		{4133A853-826A-4BED-9521-E2A52291AFCF}.Debug|x64.Deploy.0 = Debug|Any CPU
		{4133A853-826A-4BED-9521-E2A52291AFCF}.Debug|x86.ActiveCfg = Debug|Any CPU
		{4133A853-826A-4BED-9521-E2A52291AFCF}.Debug|x86.Build.0 = Debug|Any CPU
		{4133A853-826A-4BED-9521-E2A52291AFCF}.Debug|x86.Deploy.0 = Debug|Any CPU
		{4133A853-826A-4BED-9521-E2A52291AFCF}.Release|Any CPU.ActiveCfg = Release|Any CPU
		{4133A853-826A-4BED-9521-E2A52291AFCF}.Release|Any CPU.Build.0 = Release|Any CPU
		{4133A853-826A-4BED-9521-E2A52291AFCF}.Release|Any CPU.Deploy.0 = Release|Any CPU
		{4133A853-826A-4BED-9521-E2A52291AFCF}.Release|ARM.ActiveCfg = Release|Any CPU
		{4133A853-826A-4BED-9521-E2A52291AFCF}.Release|ARM.Build.0 = Release|Any CPU
		{4133A853-826A-4BED-9521-E2A52291AFCF}.Release|ARM.Deploy.0 = Release|Any CPU
		{4133A853-826A-4BED-9521-E2A52291AFCF}.Release|iPhone.ActiveCfg = Release|Any CPU
		{4133A853-826A-4BED-9521-E2A52291AFCF}.Release|iPhone.Build.0 = Release|Any CPU
		{4133A853-826A-4BED-9521-E2A52291AFCF}.Release|iPhone.Deploy.0 = Release|Any CPU
		{4133A853-826A-4BED-9521-E2A52291AFCF}.Release|iPhoneSimulator.ActiveCfg = Release|Any CPU
		{4133A853-826A-4BED-9521-E2A52291AFCF}.Release|iPhoneSimulator.Build.0 = Release|Any CPU
		{4133A853-826A-4BED-9521-E2A52291AFCF}.Release|iPhoneSimulator.Deploy.0 = Release|Any CPU
		{4133A853-826A-4BED-9521-E2A52291AFCF}.Release|x64.ActiveCfg = Release|Any CPU
		{4133A853-826A-4BED-9521-E2A52291AFCF}.Release|x64.Build.0 = Release|Any CPU
		{4133A853-826A-4BED-9521-E2A52291AFCF}.Release|x64.Deploy.0 = Release|Any CPU
		{4133A853-826A-4BED-9521-E2A52291AFCF}.Release|x86.ActiveCfg = Release|Any CPU
		{4133A853-826A-4BED-9521-E2A52291AFCF}.Release|x86.Build.0 = Release|Any CPU
		{4133A853-826A-4BED-9521-E2A52291AFCF}.Release|x86.Deploy.0 = Release|Any CPU
		{CB11FAED-F87E-4962-91C0-F9BE8ED9F385}.Ad-Hoc|Any CPU.ActiveCfg = Ad-Hoc|iPhone
		{CB11FAED-F87E-4962-91C0-F9BE8ED9F385}.Ad-Hoc|ARM.ActiveCfg = Ad-Hoc|iPhone
		{CB11FAED-F87E-4962-91C0-F9BE8ED9F385}.Ad-Hoc|iPhone.ActiveCfg = Ad-Hoc|iPhone
		{CB11FAED-F87E-4962-91C0-F9BE8ED9F385}.Ad-Hoc|iPhone.Build.0 = Ad-Hoc|iPhone
		{CB11FAED-F87E-4962-91C0-F9BE8ED9F385}.Ad-Hoc|iPhoneSimulator.ActiveCfg = Ad-Hoc|iPhoneSimulator
		{CB11FAED-F87E-4962-91C0-F9BE8ED9F385}.Ad-Hoc|iPhoneSimulator.Build.0 = Ad-Hoc|iPhoneSimulator
		{CB11FAED-F87E-4962-91C0-F9BE8ED9F385}.Ad-Hoc|x64.ActiveCfg = Ad-Hoc|iPhone
		{CB11FAED-F87E-4962-91C0-F9BE8ED9F385}.Ad-Hoc|x86.ActiveCfg = Ad-Hoc|iPhone
		{CB11FAED-F87E-4962-91C0-F9BE8ED9F385}.AppStore|Any CPU.ActiveCfg = AppStore|iPhone
		{CB11FAED-F87E-4962-91C0-F9BE8ED9F385}.AppStore|ARM.ActiveCfg = AppStore|iPhone
		{CB11FAED-F87E-4962-91C0-F9BE8ED9F385}.AppStore|iPhone.ActiveCfg = AppStore|iPhone
		{CB11FAED-F87E-4962-91C0-F9BE8ED9F385}.AppStore|iPhone.Build.0 = AppStore|iPhone
		{CB11FAED-F87E-4962-91C0-F9BE8ED9F385}.AppStore|iPhoneSimulator.ActiveCfg = AppStore|iPhoneSimulator
		{CB11FAED-F87E-4962-91C0-F9BE8ED9F385}.AppStore|iPhoneSimulator.Build.0 = AppStore|iPhoneSimulator
		{CB11FAED-F87E-4962-91C0-F9BE8ED9F385}.AppStore|x64.ActiveCfg = AppStore|iPhone
		{CB11FAED-F87E-4962-91C0-F9BE8ED9F385}.AppStore|x86.ActiveCfg = AppStore|iPhone
		{CB11FAED-F87E-4962-91C0-F9BE8ED9F385}.Debug|Any CPU.ActiveCfg = Debug|iPhone
		{CB11FAED-F87E-4962-91C0-F9BE8ED9F385}.Debug|ARM.ActiveCfg = Debug|iPhone
		{CB11FAED-F87E-4962-91C0-F9BE8ED9F385}.Debug|iPhone.ActiveCfg = Debug|iPhone
		{CB11FAED-F87E-4962-91C0-F9BE8ED9F385}.Debug|iPhone.Build.0 = Debug|iPhone
		{CB11FAED-F87E-4962-91C0-F9BE8ED9F385}.Debug|iPhoneSimulator.ActiveCfg = Debug|iPhoneSimulator
		{CB11FAED-F87E-4962-91C0-F9BE8ED9F385}.Debug|iPhoneSimulator.Build.0 = Debug|iPhoneSimulator
		{CB11FAED-F87E-4962-91C0-F9BE8ED9F385}.Debug|x64.ActiveCfg = Debug|iPhone
		{CB11FAED-F87E-4962-91C0-F9BE8ED9F385}.Debug|x86.ActiveCfg = Debug|iPhone
		{CB11FAED-F87E-4962-91C0-F9BE8ED9F385}.Release|Any CPU.ActiveCfg = Release|iPhone
		{CB11FAED-F87E-4962-91C0-F9BE8ED9F385}.Release|ARM.ActiveCfg = Release|iPhone
		{CB11FAED-F87E-4962-91C0-F9BE8ED9F385}.Release|iPhone.ActiveCfg = Release|iPhone
		{CB11FAED-F87E-4962-91C0-F9BE8ED9F385}.Release|iPhone.Build.0 = Release|iPhone
		{CB11FAED-F87E-4962-91C0-F9BE8ED9F385}.Release|iPhoneSimulator.ActiveCfg = Release|iPhoneSimulator
		{CB11FAED-F87E-4962-91C0-F9BE8ED9F385}.Release|iPhoneSimulator.Build.0 = Release|iPhoneSimulator
		{CB11FAED-F87E-4962-91C0-F9BE8ED9F385}.Release|x64.ActiveCfg = Release|iPhone
		{CB11FAED-F87E-4962-91C0-F9BE8ED9F385}.Release|x86.ActiveCfg = Release|iPhone
		{3A25335B-B58C-4D61-B24D-ECA6A282A12D}.Ad-Hoc|Any CPU.ActiveCfg = Release|x86
		{3A25335B-B58C-4D61-B24D-ECA6A282A12D}.Ad-Hoc|Any CPU.Build.0 = Release|x86
		{3A25335B-B58C-4D61-B24D-ECA6A282A12D}.Ad-Hoc|Any CPU.Deploy.0 = Release|x86
		{3A25335B-B58C-4D61-B24D-ECA6A282A12D}.Ad-Hoc|ARM.ActiveCfg = Release|ARM
		{3A25335B-B58C-4D61-B24D-ECA6A282A12D}.Ad-Hoc|ARM.Build.0 = Release|ARM
		{3A25335B-B58C-4D61-B24D-ECA6A282A12D}.Ad-Hoc|ARM.Deploy.0 = Release|ARM
		{3A25335B-B58C-4D61-B24D-ECA6A282A12D}.Ad-Hoc|iPhone.ActiveCfg = Release|x86
		{3A25335B-B58C-4D61-B24D-ECA6A282A12D}.Ad-Hoc|iPhone.Build.0 = Release|x86
		{3A25335B-B58C-4D61-B24D-ECA6A282A12D}.Ad-Hoc|iPhone.Deploy.0 = Release|x86
		{3A25335B-B58C-4D61-B24D-ECA6A282A12D}.Ad-Hoc|iPhoneSimulator.ActiveCfg = Release|x86
		{3A25335B-B58C-4D61-B24D-ECA6A282A12D}.Ad-Hoc|iPhoneSimulator.Build.0 = Release|x86
		{3A25335B-B58C-4D61-B24D-ECA6A282A12D}.Ad-Hoc|iPhoneSimulator.Deploy.0 = Release|x86
		{3A25335B-B58C-4D61-B24D-ECA6A282A12D}.Ad-Hoc|x64.ActiveCfg = Release|x64
		{3A25335B-B58C-4D61-B24D-ECA6A282A12D}.Ad-Hoc|x64.Build.0 = Release|x64
		{3A25335B-B58C-4D61-B24D-ECA6A282A12D}.Ad-Hoc|x64.Deploy.0 = Release|x64
		{3A25335B-B58C-4D61-B24D-ECA6A282A12D}.Ad-Hoc|x86.ActiveCfg = Release|x86
		{3A25335B-B58C-4D61-B24D-ECA6A282A12D}.Ad-Hoc|x86.Build.0 = Release|x86
		{3A25335B-B58C-4D61-B24D-ECA6A282A12D}.Ad-Hoc|x86.Deploy.0 = Release|x86
		{3A25335B-B58C-4D61-B24D-ECA6A282A12D}.AppStore|Any CPU.ActiveCfg = Release|x86
		{3A25335B-B58C-4D61-B24D-ECA6A282A12D}.AppStore|Any CPU.Build.0 = Release|x86
		{3A25335B-B58C-4D61-B24D-ECA6A282A12D}.AppStore|Any CPU.Deploy.0 = Release|x86
		{3A25335B-B58C-4D61-B24D-ECA6A282A12D}.AppStore|ARM.ActiveCfg = Release|ARM
		{3A25335B-B58C-4D61-B24D-ECA6A282A12D}.AppStore|ARM.Build.0 = Release|ARM
		{3A25335B-B58C-4D61-B24D-ECA6A282A12D}.AppStore|ARM.Deploy.0 = Release|ARM
		{3A25335B-B58C-4D61-B24D-ECA6A282A12D}.AppStore|iPhone.ActiveCfg = Release|x86
		{3A25335B-B58C-4D61-B24D-ECA6A282A12D}.AppStore|iPhone.Build.0 = Release|x86
		{3A25335B-B58C-4D61-B24D-ECA6A282A12D}.AppStore|iPhone.Deploy.0 = Release|x86
		{3A25335B-B58C-4D61-B24D-ECA6A282A12D}.AppStore|iPhoneSimulator.ActiveCfg = Release|x86
		{3A25335B-B58C-4D61-B24D-ECA6A282A12D}.AppStore|iPhoneSimulator.Build.0 = Release|x86
		{3A25335B-B58C-4D61-B24D-ECA6A282A12D}.AppStore|iPhoneSimulator.Deploy.0 = Release|x86
		{3A25335B-B58C-4D61-B24D-ECA6A282A12D}.AppStore|x64.ActiveCfg = Release|x64
		{3A25335B-B58C-4D61-B24D-ECA6A282A12D}.AppStore|x64.Build.0 = Release|x64
		{3A25335B-B58C-4D61-B24D-ECA6A282A12D}.AppStore|x64.Deploy.0 = Release|x64
		{3A25335B-B58C-4D61-B24D-ECA6A282A12D}.AppStore|x86.ActiveCfg = Release|x86
		{3A25335B-B58C-4D61-B24D-ECA6A282A12D}.AppStore|x86.Build.0 = Release|x86
		{3A25335B-B58C-4D61-B24D-ECA6A282A12D}.AppStore|x86.Deploy.0 = Release|x86
		{3A25335B-B58C-4D61-B24D-ECA6A282A12D}.Debug|Any CPU.ActiveCfg = Debug|x86
		{3A25335B-B58C-4D61-B24D-ECA6A282A12D}.Debug|ARM.ActiveCfg = Debug|ARM
		{3A25335B-B58C-4D61-B24D-ECA6A282A12D}.Debug|ARM.Build.0 = Debug|ARM
		{3A25335B-B58C-4D61-B24D-ECA6A282A12D}.Debug|ARM.Deploy.0 = Debug|ARM
		{3A25335B-B58C-4D61-B24D-ECA6A282A12D}.Debug|iPhone.ActiveCfg = Debug|x86
		{3A25335B-B58C-4D61-B24D-ECA6A282A12D}.Debug|iPhoneSimulator.ActiveCfg = Debug|x86
		{3A25335B-B58C-4D61-B24D-ECA6A282A12D}.Debug|x64.ActiveCfg = Debug|x64
		{3A25335B-B58C-4D61-B24D-ECA6A282A12D}.Debug|x64.Build.0 = Debug|x64
		{3A25335B-B58C-4D61-B24D-ECA6A282A12D}.Debug|x64.Deploy.0 = Debug|x64
		{3A25335B-B58C-4D61-B24D-ECA6A282A12D}.Debug|x86.ActiveCfg = Debug|x86
		{3A25335B-B58C-4D61-B24D-ECA6A282A12D}.Debug|x86.Build.0 = Debug|x86
		{3A25335B-B58C-4D61-B24D-ECA6A282A12D}.Debug|x86.Deploy.0 = Debug|x86
		{3A25335B-B58C-4D61-B24D-ECA6A282A12D}.Release|Any CPU.ActiveCfg = Release|x86
		{3A25335B-B58C-4D61-B24D-ECA6A282A12D}.Release|ARM.ActiveCfg = Release|ARM
		{3A25335B-B58C-4D61-B24D-ECA6A282A12D}.Release|ARM.Build.0 = Release|ARM
		{3A25335B-B58C-4D61-B24D-ECA6A282A12D}.Release|ARM.Deploy.0 = Release|ARM
		{3A25335B-B58C-4D61-B24D-ECA6A282A12D}.Release|iPhone.ActiveCfg = Release|x86
		{3A25335B-B58C-4D61-B24D-ECA6A282A12D}.Release|iPhoneSimulator.ActiveCfg = Release|x86
		{3A25335B-B58C-4D61-B24D-ECA6A282A12D}.Release|x64.ActiveCfg = Release|x64
		{3A25335B-B58C-4D61-B24D-ECA6A282A12D}.Release|x64.Build.0 = Release|x64
		{3A25335B-B58C-4D61-B24D-ECA6A282A12D}.Release|x64.Deploy.0 = Release|x64
		{3A25335B-B58C-4D61-B24D-ECA6A282A12D}.Release|x86.ActiveCfg = Release|x86
		{3A25335B-B58C-4D61-B24D-ECA6A282A12D}.Release|x86.Build.0 = Release|x86
		{3A25335B-B58C-4D61-B24D-ECA6A282A12D}.Release|x86.Deploy.0 = Release|x86
	EndGlobalSection
	GlobalSection(SolutionProperties) = preSolution
		HideSolutionNode = FALSE
	EndGlobalSection
	GlobalSection(NestedProjects) = preSolution
		{DA62665A-A638-4817-8C5F-2E1FE840447B} = {35693BB5-A6A7-4B0A-8925-15452928468E}
		{26ECD472-3E73-4550-88EC-F4F4415EFE56} = {EAE43220-039B-41BD-9274-62F3FE863E64}
		{4133A853-826A-4BED-9521-E2A52291AFCF} = {EAE43220-039B-41BD-9274-62F3FE863E64}
		{CB11FAED-F87E-4962-91C0-F9BE8ED9F385} = {EAE43220-039B-41BD-9274-62F3FE863E64}
		{3A25335B-B58C-4D61-B24D-ECA6A282A12D} = {EAE43220-039B-41BD-9274-62F3FE863E64}
	EndGlobalSection
	GlobalSection(ExtensibilityGlobals) = postSolution
		SolutionGuid = {309CC400-7EFA-4836-97F2-FB6E107238C8}
	EndGlobalSection
EndGlobal
